
Microsoft Visual Studio Solution File, Format Version 12.00
# Visual Studio Version 16
VisualStudioVersion = 16.0.31205.134
MinimumVisualStudioVersion = 10.0.40219.1
Project("{FAE04EC0-301F-11D3-BF4B-00C04F79EFBC}") = "CarDealershipWebAPI", "CarDealershipWebAPI\CarDealershipWebAPI.csproj", "{FE12D543-3A22-4CF5-A270-9C8930626E52}"
EndProject
Project("{FAE04EC0-301F-11D3-BF4B-00C04F79EFBC}") = "CarDealershipWebAPI.Tests", "CarDealershipWebAPI.Tests\CarDealershipWebAPI.Tests.csproj", "{A878B8B0-3B2E-4B80-AB6D-A9A20B134316}"
EndProject
Global
	GlobalSection(SolutionConfigurationPlatforms) = preSolution
		Debug|Any CPU = Debug|Any CPU
		Release|Any CPU = Release|Any CPU
	EndGlobalSection
	GlobalSection(ProjectConfigurationPlatforms) = postSolution
		{FE12D543-3A22-4CF5-A270-9C8930626E52}.Debug|Any CPU.ActiveCfg = Debug|Any CPU
		{FE12D543-3A22-4CF5-A270-9C8930626E52}.Debug|Any CPU.Build.0 = Debug|Any CPU
		{FE12D543-3A22-4CF5-A270-9C8930626E52}.Release|Any CPU.ActiveCfg = Release|Any CPU
		{FE12D543-3A22-4CF5-A270-9C8930626E52}.Release|Any CPU.Build.0 = Release|Any CPU
		{A878B8B0-3B2E-4B80-AB6D-A9A20B134316}.Debug|Any CPU.ActiveCfg = Debug|Any CPU
		{A878B8B0-3B2E-4B80-AB6D-A9A20B134316}.Debug|Any CPU.Build.0 = Debug|Any CPU
		{A878B8B0-3B2E-4B80-AB6D-A9A20B134316}.Release|Any CPU.ActiveCfg = Release|Any CPU
		{A878B8B0-3B2E-4B80-AB6D-A9A20B134316}.Release|Any CPU.Build.0 = Release|Any CPU
	EndGlobalSection
	GlobalSection(SolutionProperties) = preSolution
		HideSolutionNode = FALSE
	EndGlobalSection
	GlobalSection(ExtensibilityGlobals) = postSolution
		SolutionGuid = {414FD830-F7E6-43D6-B5F2-133838673AF3}
	EndGlobalSection
EndGlobal
